[[package]]
name = "chime"
version = "0.5.3"
description = "Python sound notifications made easy."
category = "main"
optional = false
python-versions = ">=3.6,<4.0"

[[package]]
name = "colorama"
version = "0.4.6"
description = "Cross-platform colored terminal text."
category = "main"
optional = false
python-versions = "!=3.0.*,!=3.1.*,!=3.2.*,!=3.3.*,!=3.4.*,!=3.5.*,!=3.6.*,>=2.7"

[[package]]
name = "commonmark"
version = "0.9.1"
description = "Python parser for the CommonMark Markdown spec"
category = "main"
optional = false
python-versions = "*"

[package.extras]
test = ["flake8 (==3.7.8)", "hypothesis (==3.55.3)"]

[[package]]
name = "customtkinter"
version = "4.6.3"
description = "Create modern looking GUIs with Python"
category = "main"
optional = false
python-versions = ">=3.7"

[package.dependencies]
darkdetect = "*"

[[package]]
name = "darkdetect"
version = "0.7.1"
description = "Detect OS Dark Mode from Python"
category = "main"
optional = false
python-versions = "*"

[[package]]
name = "dearpygui"
version = "1.8.0"
description = "DearPyGui: A simple Python GUI Toolkit"
category = "main"
optional = false
python-versions = ">=3.7"

[[package]]
name = "deepdiff"
version = "6.2.1"
description = "Deep Difference and Search of any Python object/data. Recreate objects by adding adding deltas to each other."
category = "main"
optional = false
python-versions = ">=3.7"

[package.dependencies]
ordered-set = ">=4.0.2,<4.2.0"

[package.extras]
cli = ["clevercsv (==0.7.4)", "click (==8.1.3)", "pyyaml (==6.0)", "toml (==0.10.2)"]

[[package]]
name = "loguru"
version = "0.6.0"
description = "Python logging made (stupidly) simple"
category = "main"
optional = false
python-versions = ">=3.5"

[package.dependencies]
colorama = {version = ">=0.3.4", markers = "sys_platform == \"win32\""}
win32-setctime = {version = ">=1.0.0", markers = "sys_platform == \"win32\""}

[package.extras]
dev = ["Sphinx (>=4.1.1)", "black (>=19.10b0)", "colorama (>=0.3.4)", "docutils (==0.16)", "flake8 (>=3.7.7)", "isort (>=5.1.1)", "pytest (>=4.6.2)", "pytest-cov (>=2.7.1)", "sphinx-autobuild (>=0.7.1)", "sphinx-rtd-theme (>=0.4.3)", "tox (>=3.9.0)"]

[[package]]
name = "ordered-set"
version = "4.1.0"
description = "An OrderedSet is a custom MutableSet that remembers its order, so that every"
category = "main"
optional = false
python-versions = ">=3.7"

[package.extras]
dev = ["black", "mypy", "pytest"]

[[package]]
name = "pydantic"
version = "1.9.0"
description = "Data validation and settings management using python 3.6 type hinting"
category = "main"
optional = false
python-versions = ">=3.6.1"

[package.dependencies]
typing-extensions = ">=3.7.4.3"

[package.extras]
dotenv = ["python-dotenv (>=0.10.4)"]
email = ["email-validator (>=1.0.3)"]

[[package]]
name = "pydavinci"
version = "0.2.2"
description = ""
category = "main"
optional = false
python-versions = ">=3.6.*"
develop = false

[package.dependencies]
loguru = "0.6.0"
pydantic = "1.9.0"
typing_extensions = "4.1.1"

[package.source]
type = "git"
url = "https://github.com/in03/pydavinci"
reference = "HEAD"
resolved_reference = "9cb6c6a7d25d7d85d25537c94a41784d44813869"

[[package]]
name = "Pygments"
version = "2.13.0"
description = "Pygments is a syntax highlighting package written in Python."
category = "main"
optional = false
python-versions = ">=3.6"

[package.extras]
plugins = ["importlib-metadata"]

[[package]]
name = "rich"
version = "12.6.0"
description = "Render rich text, tables, progress bars, syntax highlighting, markdown and more to the terminal"
category = "main"
optional = false
python-versions = ">=3.6.3,<4.0.0"

[package.dependencies]
commonmark = ">=0.9.0,<0.10.0"
pygments = ">=2.6.0,<3.0.0"

[package.extras]
jupyter = ["ipywidgets (>=7.5.1,<8.0.0)"]

[[package]]
name = "timecode"
version = "1.3.1"
description = "SMPTE Time Code Manipulation Library"
category = "main"
optional = false
python-versions = "*"

[[package]]
name = "tkinter-tooltip"
version = "2.1.0"
description = "An easy and customisable ToolTip implementation for Tkinter"
category = "main"
optional = false
python-versions = ">=3.7"

[package.extras]
dev = ["black", "isort", "pytest (>=5.4.3)", "pytest-cov (>=2.12.1)"]
docs = ["docutils", "myst-parser", "sphinx", "sphinx-autodoc-typehints", "sphinx-rtd-theme", "sphinxprettysearchresults"]

[[package]]
name = "typing-extensions"
version = "4.1.1"
description = "Backported and Experimental Type Hints for Python 3.6+"
category = "main"
optional = false
python-versions = ">=3.6"

[[package]]
name = "win32-setctime"
version = "1.1.0"
description = "A small Python utility to set file creation time on Windows"
category = "main"
optional = false
python-versions = ">=3.5"

[package.extras]
dev = ["black (>=19.3b0)", "pytest (>=4.6.2)"]

[metadata]
lock-version = "1.1"
python-versions = "^3.10"
content-hash = "b4b23e5f537d3a071a9c2f4e0002c76111f671ce89325da8851f42afb19034ee"

[metadata.files]
chime = [
    {file = "chime-0.5.3-py3-none-any.whl", hash = "sha256:62d26e108357654498d00339f1ebc1bfb8fa378abd70ac68e05f7f1571a023c8"},
    {file = "chime-0.5.3.tar.gz", hash = "sha256:e9baf30d166af88ae8a067601e8a0d88a504618900ebb2f6acb2d292b495d046"},
]
colorama = [
    {file = "colorama-0.4.6-py2.py3-none-any.whl", hash = "sha256:4f1d9991f5acc0ca119f9d443620b77f9d6b33703e51011c16baf57afb285fc6"},
    {file = "colorama-0.4.6.tar.gz", hash = "sha256:08695f5cb7ed6e0531a20572697297273c47b8cae5a63ffc6d6ed5c201be6e44"},
]
commonmark = [
    {file = "commonmark-0.9.1-py2.py3-none-any.whl", hash = "sha256:da2f38c92590f83de410ba1a3cbceafbc74fee9def35f9251ba9a971d6d66fd9"},
    {file = "commonmark-0.9.1.tar.gz", hash = "sha256:452f9dc859be7f06631ddcb328b6919c67984aca654e5fefb3914d54691aed60"},
]
customtkinter = [
    {file = "customtkinter-4.6.3-py3-none-any.whl", hash = "sha256:479ecdcfa91cd54d03be7c302612fcb3719df8928657bab5ea4a0a9e255e7099"},
    {file = "customtkinter-4.6.3.tar.gz", hash = "sha256:d475da11aeaf4edd83499ceffb9437614d47b2a3c5d41531d115a3ff942d7838"},
]
darkdetect = [
    {file = "darkdetect-0.7.1-py2.py3-none-any.whl", hash = "sha256:3efe69f8ecd5f1b7f4fbb0d1d93f656b0e493c45cc49222380ffe2a529cbc866"},
    {file = "darkdetect-0.7.1.tar.gz", hash = "sha256:47be3cf5134432ddb616bbffc927237718407914993c82809983e7ccebf49013"},
]
dearpygui = [
    {file = "dearpygui-1.8.0-cp310-cp310-macosx_10_6_x86_64.whl", hash = "sha256:bbad360b80a29a2deb40a8a2f73aa17fee1c5e817035e590509e067f3dc531d3"},
    {file = "dearpygui-1.8.0-cp310-cp310-macosx_11_0_arm64.whl", hash = "sha256:dabeff583800aea84bc537ab188a87398ed9e5e0537cc3e37fdc6e59d6b40495"},
    {file = "dearpygui-1.8.0-cp310-cp310-manylinux1_x86_64.whl", hash = "sha256:7e93c41d64d884e1d9e8c6f991d51e4ed9dd9792f609d9a6f7399059c29d1706"},
    {file = "dearpygui-1.8.0-cp310-cp310-win_amd64.whl", hash = "sha256:55006836de1d1a30ae6c03dd794d1798a4e9942b78f1239802afac4673c3fa38"},
    {file = "dearpygui-1.8.0-cp311-cp311-macosx_10_6_x86_64.whl", hash = "sha256:cf5b76bbefa1348e5bf53a68cd7a1d24768819e0e9b5535168b378830a20b6c1"},
    {file = "dearpygui-1.8.0-cp311-cp311-macosx_11_0_arm64.whl", hash = "sha256:dfe7c746ab87b57ef84495462b36b0533435b3b6a94d241af7fe9219f54744f6"},
    {file = "dearpygui-1.8.0-cp311-cp311-manylinux1_x86_64.whl", hash = "sha256:fe7ef89b9bd9ac34ab865b488b11fee5537767b63cedb436633054bd39bfc46e"},
    {file = "dearpygui-1.8.0-cp311-cp311-win_amd64.whl", hash = "sha256:82c1ebd00d747e2c6d35eabaaacc851d29b38b49aad8f7726b6339aca2045aa2"},
    {file = "dearpygui-1.8.0-cp37-cp37m-macosx_10_6_x86_64.whl", hash = "sha256:476748dbaaf1d4749959e6192218d64c700bd4a06c1a5d26a77b1b1ef49ca7ab"},
    {file = "dearpygui-1.8.0-cp37-cp37m-manylinux1_x86_64.whl", hash = "sha256:8ad1cc0a4af84e146f5191e86e54dcadff5a0863ae935ae34168af840848f0ab"},
    {file = "dearpygui-1.8.0-cp37-cp37m-win_amd64.whl", hash = "sha256:e2cf13789ca6b91d56f1d83cfadc59ae21044bea0d19ff9d3c9b445d7ec05c8b"},
    {file = "dearpygui-1.8.0-cp38-cp38-macosx_10_6_x86_64.whl", hash = "sha256:0cc9ce8c3b4ad324c8e224a6e483ad7d6c7919ab758c3bbeccaea75bb414f727"},
    {file = "dearpygui-1.8.0-cp38-cp38-manylinux1_x86_64.whl", hash = "sha256:71e447e4f05200aae6839c45fccc08291c8e6b32540a4cf45f58e08cb1a0cf61"},
    {file = "dearpygui-1.8.0-cp38-cp38-win_amd64.whl", hash = "sha256:f4637d217e0c773899947b73372e8685e45818af98e97838bee2c89a82d40c92"},
    {file = "dearpygui-1.8.0-cp39-cp39-macosx_10_6_x86_64.whl", hash = "sha256:2ec09455e38e9b0ed182a4933b76a9fd6c3300aebe3d87c2b0cffe70c5b77b07"},
    {file = "dearpygui-1.8.0-cp39-cp39-macosx_11_0_arm64.whl", hash = "sha256:14ccf3cb6d877454a7943797e946e2b0f28ba7682e1cd876dac0a388853b01f8"},
    {file = "dearpygui-1.8.0-cp39-cp39-manylinux1_x86_64.whl", hash = "sha256:525849a1217ee1f78c7321a54cb5d2ffb5a80a55e25da5ceeb83ca5cc21b99e8"},
    {file = "dearpygui-1.8.0-cp39-cp39-win_amd64.whl", hash = "sha256:9c1233e887f956df7747468f51459f583760fc2e82670cf0dc9b8adf54c8a01a"},
]
deepdiff = [
    {file = "deepdiff-6.2.1-py3-none-any.whl", hash = "sha256:8ba27c185f9197b78c316ce7bb0c743d25d14f7cdb8ec3b340437dbc93dcbff2"},
    {file = "deepdiff-6.2.1.tar.gz", hash = "sha256:3fe134dde5b3922ff8c51fc1e95a972e659c853797231b836a5ccf15532fd516"},
]
loguru = [
    {file = "loguru-0.6.0-py3-none-any.whl", hash = "sha256:4e2414d534a2ab57573365b3e6d0234dfb1d84b68b7f3b948e6fb743860a77c3"},
    {file = "loguru-0.6.0.tar.gz", hash = "sha256:066bd06758d0a513e9836fd9c6b5a75bfb3fd36841f4b996bc60b547a309d41c"},
]
ordered-set = [
    {file = "ordered-set-4.1.0.tar.gz", hash = "sha256:694a8e44c87657c59292ede72891eb91d34131f6531463aab3009191c77364a8"},
    {file = "ordered_set-4.1.0-py3-none-any.whl", hash = "sha256:046e1132c71fcf3330438a539928932caf51ddbc582496833e23de611de14562"},
]
pydantic = [
    {file = "pydantic-1.9.0-cp310-cp310-macosx_10_9_x86_64.whl", hash = "sha256:cb23bcc093697cdea2708baae4f9ba0e972960a835af22560f6ae4e7e47d33f5"},
    {file = "pydantic-1.9.0-cp310-cp310-macosx_11_0_arm64.whl", hash = "sha256:1d5278bd9f0eee04a44c712982343103bba63507480bfd2fc2790fa70cd64cf4"},
    {file = "pydantic-1.9.0-cp310-cp310-manylinux_2_17_x86_64.manylinux2014_x86_64.whl", hash = "sha256:ab624700dc145aa809e6f3ec93fb8e7d0f99d9023b713f6a953637429b437d37"},
    {file = "pydantic-1.9.0-cp310-cp310-manylinux_2_5_i686.manylinux1_i686.manylinux_2_17_i686.manylinux2014_i686.whl", hash = "sha256:c8d7da6f1c1049eefb718d43d99ad73100c958a5367d30b9321b092771e96c25"},
    {file = "pydantic-1.9.0-cp310-cp310-musllinux_1_1_i686.whl", hash = "sha256:3c3b035103bd4e2e4a28da9da7ef2fa47b00ee4a9cf4f1a735214c1bcd05e0f6"},
    {file = "pydantic-1.9.0-cp310-cp310-musllinux_1_1_x86_64.whl", hash = "sha256:3011b975c973819883842c5ab925a4e4298dffccf7782c55ec3580ed17dc464c"},
    {file = "pydantic-1.9.0-cp310-cp310-win_amd64.whl", hash = "sha256:086254884d10d3ba16da0588604ffdc5aab3f7f09557b998373e885c690dd398"},
    {file = "pydantic-1.9.0-cp36-cp36m-macosx_10_9_x86_64.whl", hash = "sha256:0fe476769acaa7fcddd17cadd172b156b53546ec3614a4d880e5d29ea5fbce65"},
    {file = "pydantic-1.9.0-cp36-cp36m-manylinux_2_17_x86_64.manylinux2014_x86_64.whl", hash = "sha256:c8e9dcf1ac499679aceedac7e7ca6d8641f0193c591a2d090282aaf8e9445a46"},
    {file = "pydantic-1.9.0-cp36-cp36m-manylinux_2_5_i686.manylinux1_i686.manylinux_2_17_i686.manylinux2014_i686.whl", hash = "sha256:d1e4c28f30e767fd07f2ddc6f74f41f034d1dd6bc526cd59e63a82fe8bb9ef4c"},
    {file = "pydantic-1.9.0-cp36-cp36m-musllinux_1_1_i686.whl", hash = "sha256:c86229333cabaaa8c51cf971496f10318c4734cf7b641f08af0a6fbf17ca3054"},
    {file = "pydantic-1.9.0-cp36-cp36m-musllinux_1_1_x86_64.whl", hash = "sha256:c0727bda6e38144d464daec31dff936a82917f431d9c39c39c60a26567eae3ed"},
    {file = "pydantic-1.9.0-cp36-cp36m-win_amd64.whl", hash = "sha256:dee5ef83a76ac31ab0c78c10bd7d5437bfdb6358c95b91f1ba7ff7b76f9996a1"},
    {file = "pydantic-1.9.0-cp37-cp37m-macosx_10_9_x86_64.whl", hash = "sha256:d9c9bdb3af48e242838f9f6e6127de9be7063aad17b32215ccc36a09c5cf1070"},
    {file = "pydantic-1.9.0-cp37-cp37m-manylinux_2_17_x86_64.manylinux2014_x86_64.whl", hash = "sha256:2ee7e3209db1e468341ef41fe263eb655f67f5c5a76c924044314e139a1103a2"},
    {file = "pydantic-1.9.0-cp37-cp37m-manylinux_2_5_i686.manylinux1_i686.manylinux_2_17_i686.manylinux2014_i686.whl", hash = "sha256:0b6037175234850ffd094ca77bf60fb54b08b5b22bc85865331dd3bda7a02fa1"},
    {file = "pydantic-1.9.0-cp37-cp37m-musllinux_1_1_i686.whl", hash = "sha256:b2571db88c636d862b35090ccf92bf24004393f85c8870a37f42d9f23d13e032"},
    {file = "pydantic-1.9.0-cp37-cp37m-musllinux_1_1_x86_64.whl", hash = "sha256:8b5ac0f1c83d31b324e57a273da59197c83d1bb18171e512908fe5dc7278a1d6"},
    {file = "pydantic-1.9.0-cp37-cp37m-win_amd64.whl", hash = "sha256:bbbc94d0c94dd80b3340fc4f04fd4d701f4b038ebad72c39693c794fd3bc2d9d"},
    {file = "pydantic-1.9.0-cp38-cp38-macosx_10_9_x86_64.whl", hash = "sha256:e0896200b6a40197405af18828da49f067c2fa1f821491bc8f5bde241ef3f7d7"},
    {file = "pydantic-1.9.0-cp38-cp38-macosx_11_0_arm64.whl", hash = "sha256:7bdfdadb5994b44bd5579cfa7c9b0e1b0e540c952d56f627eb227851cda9db77"},
    {file = "pydantic-1.9.0-cp38-cp38-manylinux_2_17_x86_64.manylinux2014_x86_64.whl", hash = "sha256:574936363cd4b9eed8acdd6b80d0143162f2eb654d96cb3a8ee91d3e64bf4cf9"},
    {file = "pydantic-1.9.0-cp38-cp38-manylinux_2_5_i686.manylinux1_i686.manylinux_2_17_i686.manylinux2014_i686.whl", hash = "sha256:c556695b699f648c58373b542534308922c46a1cda06ea47bc9ca45ef5b39ae6"},
    {file = "pydantic-1.9.0-cp38-cp38-musllinux_1_1_i686.whl", hash = "sha256:f947352c3434e8b937e3aa8f96f47bdfe6d92779e44bb3f41e4c213ba6a32145"},
    {file = "pydantic-1.9.0-cp38-cp38-musllinux_1_1_x86_64.whl", hash = "sha256:5e48ef4a8b8c066c4a31409d91d7ca372a774d0212da2787c0d32f8045b1e034"},
    {file = "pydantic-1.9.0-cp38-cp38-win_amd64.whl", hash = "sha256:96f240bce182ca7fe045c76bcebfa0b0534a1bf402ed05914a6f1dadff91877f"},
    {file = "pydantic-1.9.0-cp39-cp39-macosx_10_9_x86_64.whl", hash = "sha256:815ddebb2792efd4bba5488bc8fde09c29e8ca3227d27cf1c6990fc830fd292b"},
    {file = "pydantic-1.9.0-cp39-cp39-macosx_11_0_arm64.whl", hash = "sha256:6c5b77947b9e85a54848343928b597b4f74fc364b70926b3c4441ff52620640c"},
    {file = "pydantic-1.9.0-cp39-cp39-manylinux_2_17_x86_64.manylinux2014_x86_64.whl", hash = "sha256:4c68c3bc88dbda2a6805e9a142ce84782d3930f8fdd9655430d8576315ad97ce"},
    {file = "pydantic-1.9.0-cp39-cp39-manylinux_2_5_i686.manylinux1_i686.manylinux_2_17_i686.manylinux2014_i686.whl", hash = "sha256:5a79330f8571faf71bf93667d3ee054609816f10a259a109a0738dac983b23c3"},
    {file = "pydantic-1.9.0-cp39-cp39-musllinux_1_1_i686.whl", hash = "sha256:f5a64b64ddf4c99fe201ac2724daada8595ada0d102ab96d019c1555c2d6441d"},
    {file = "pydantic-1.9.0-cp39-cp39-musllinux_1_1_x86_64.whl", hash = "sha256:a733965f1a2b4090a5238d40d983dcd78f3ecea221c7af1497b845a9709c1721"},
    {file = "pydantic-1.9.0-cp39-cp39-win_amd64.whl", hash = "sha256:2cc6a4cb8a118ffec2ca5fcb47afbacb4f16d0ab8b7350ddea5e8ef7bcc53a16"},
    {file = "pydantic-1.9.0-py3-none-any.whl", hash = "sha256:085ca1de245782e9b46cefcf99deecc67d418737a1fd3f6a4f511344b613a5b3"},
    {file = "pydantic-1.9.0.tar.gz", hash = "sha256:742645059757a56ecd886faf4ed2441b9c0cd406079c2b4bee51bcc3fbcd510a"},
]
pydavinci = []
Pygments = [
    {file = "Pygments-2.13.0-py3-none-any.whl", hash = "sha256:f643f331ab57ba3c9d89212ee4a2dabc6e94f117cf4eefde99a0574720d14c42"},
    {file = "Pygments-2.13.0.tar.gz", hash = "sha256:56a8508ae95f98e2b9bdf93a6be5ae3f7d8af858b43e02c5a2ff083726be40c1"},
]
rich = [
    {file = "rich-12.6.0-py3-none-any.whl", hash = "sha256:a4eb26484f2c82589bd9a17c73d32a010b1e29d89f1604cd9bf3a2097b81bb5e"},
    {file = "rich-12.6.0.tar.gz", hash = "sha256:ba3a3775974105c221d31141f2c116f4fd65c5ceb0698657a11e9f295ec93fd0"},
]
timecode = [
    {file = "timecode-1.3.1-py2.py3-none-any.whl", hash = "sha256:76ab5ddec955e1fa6fd68617b68095db740d39c91255ad54ced8d1daf66214c5"},
    {file = "timecode-1.3.1.tar.gz", hash = "sha256:84ddfdc4b3711e1bbdda6708c038d58294307b1b256d470b230b53973a6407ba"},
]
tkinter-tooltip = [
    {file = "tkinter-tooltip-2.1.0.tar.gz", hash = "sha256:4b3f93145a8c9cf3fd19bbedc5db2f94007b4d069f39a41468c0b3ccbda60de6"},
    {file = "tkinter_tooltip-2.1.0-py3-none-any.whl", hash = "sha256:fbcef705c942791225f4491660d9eb96d720ff0ef3a55de76e4fe79f2684c626"},
]
typing-extensions = [
    {file = "typing_extensions-4.1.1-py3-none-any.whl", hash = "sha256:21c85e0fe4b9a155d0799430b0ad741cdce7e359660ccbd8b530613e8df88ce2"},
    {file = "typing_extensions-4.1.1.tar.gz", hash = "sha256:1a9462dcc3347a79b1f1c0271fbe79e844580bb598bafa1ed208b94da3cdcd42"},
]
win32-setctime = [
    {file = "win32_setctime-1.1.0-py3-none-any.whl", hash = "sha256:231db239e959c2fe7eb1d7dc129f11172354f98361c4fa2d6d2d7e278baa8aad"},
    {file = "win32_setctime-1.1.0.tar.gz", hash = "sha256:15cf5750465118d6929ae4de4eb46e8edae9a5634350c01ba582df868e932cb2"},
]
